// !$*UTF8*$!
{
	archiveVersion = 1;
	classes = {
	};
	objectVersion = 50;
	objects = {

/* Begin PBXBuildFile section */
		CA99466126EF65EC00F4A606 /* AppDelegate.swift in Sources */ = {isa = PBXBuildFile; fileRef = CA99466026EF65EC00F4A606 /* AppDelegate.swift */; };
		CA99466326EF65EC00F4A606 /* SceneDelegate.swift in Sources */ = {isa = PBXBuildFile; fileRef = CA99466226EF65EC00F4A606 /* SceneDelegate.swift */; };
		CA99466526EF65EC00F4A606 /* ViewController.swift in Sources */ = {isa = PBXBuildFile; fileRef = CA99466426EF65EC00F4A606 /* ViewController.swift */; };
		CA99466826EF65EC00F4A606 /* Main.storyboard in Resources */ = {isa = PBXBuildFile; fileRef = CA99466626EF65EC00F4A606 /* Main.storyboard */; };
		CA99466A26EF65ED00F4A606 /* Assets.xcassets in Resources */ = {isa = PBXBuildFile; fileRef = CA99466926EF65ED00F4A606 /* Assets.xcassets */; };
		CA99466D26EF65ED00F4A606 /* LaunchScreen.storyboard in Resources */ = {isa = PBXBuildFile; fileRef = CA99466B26EF65ED00F4A606 /* LaunchScreen.storyboard */; };
		CA99467526EF660100F4A606 /* UIView+Shimmer.swift in Sources */ = {isa = PBXBuildFile; fileRef = CA99467426EF660100F4A606 /* UIView+Shimmer.swift */; };
/* End PBXBuildFile section */

/* Begin PBXFileReference section */
		CA99465D26EF65EC00F4A606 /* Shimmer.app */ = {isa = PBXFileReference; explicitFileType = wrapper.application; includeInIndex = 0; path = Shimmer.app; sourceTree = BUILT_PRODUCTS_DIR; };
		CA99466026EF65EC00F4A606 /* AppDelegate.swift */ = {isa = PBXFileReference; lastKnownFileType = sourcecode.swift; path = AppDelegate.swift; sourceTree = "<group>"; };
		CA99466226EF65EC00F4A606 /* SceneDelegate.swift */ = {isa = PBXFileReference; lastKnownFileType = sourcecode.swift; path = SceneDelegate.swift; sourceTree = "<group>"; };
		CA99466426EF65EC00F4A606 /* ViewController.swift */ = {isa = PBXFileReference; lastKnownFileType = sourcecode.swift; path = ViewController.swift; sourceTree = "<group>"; };
		CA99466726EF65EC00F4A606 /* Base */ = {isa = PBXFileReference; lastKnownFileType = file.storyboard; name = Base; path = Base.lproj/Main.storyboard; sourceTree = "<group>"; };
		CA99466926EF65ED00F4A606 /* Assets.xcassets */ = {isa = PBXFileReference; lastKnownFileType = folder.assetcatalog; path = Assets.xcassets; sourceTree = "<group>"; };
		CA99466C26EF65ED00F4A606 /* Base */ = {isa = PBXFileReference; lastKnownFileType = file.storyboard; name = Base; path = Base.lproj/LaunchScreen.storyboard; sourceTree = "<group>"; };
		CA99466E26EF65ED00F4A606 /* Info.plist */ = {isa = PBXFileReference; lastKnownFileType = text.plist.xml; path = Info.plist; sourceTree = "<group>"; };
		CA99467426EF660100F4A606 /* UIView+Shimmer.swift */ = {isa = PBXFileReference; lastKnownFileType = sourcecode.swift; path = "UIView+Shimmer.swift"; sourceTree = "<group>"; };
/* End PBXFileReference section */

/* Begin PBXFrameworksBuildPhase section */
		CA99465A26EF65EC00F4A606 /* Frameworks */ = {
			isa = PBXFrameworksBuildPhase;
			buildActionMask = 2147483647;
			files = (
			);
			runOnlyForDeploymentPostprocessing = 0;
		};
/* End PBXFrameworksBuildPhase section */

/* Begin PBXGroup section */
		CA99465426EF65EC00F4A606 = {
			isa = PBXGroup;
			children = (
				CA99465F26EF65EC00F4A606 /* Shimmer */,
				CA99465E26EF65EC00F4A606 /* Products */,
			);
			sourceTree = "<group>";
		};
		CA99465E26EF65EC00F4A606 /* Products */ = {
			isa = PBXGroup;
			children = (
				CA99465D26EF65EC00F4A606 /* Shimmer.app */,
			);
			name = Products;
			sourceTree = "<group>";
		};
		CA99465F26EF65EC00F4A606 /* Shimmer */ = {
			isa = PBXGroup;
			children = (
				CA99466026EF65EC00F4A606 /* AppDelegate.swift */,
				CA99466226EF65EC00F4A606 /* SceneDelegate.swift */,
				CA99466426EF65EC00F4A606 /* ViewController.swift */,
				CA99466626EF65EC00F4A606 /* Main.storyboard */,
				CA99466926EF65ED00F4A606 /* Assets.xcassets */,
				CA99466B26EF65ED00F4A606 /* LaunchScreen.storyboard */,
				CA99466E26EF65ED00F4A606 /* Info.plist */,
				CA99467426EF660100F4A606 /* UIView+Shimmer.swift */,
			);
			path = Shimmer;
			sourceTree = "<group>";
		};
/* End PBXGroup section */

/* Begin PBXNativeTarget section */
		CA99465C26EF65EC00F4A606 /* Shimmer */ = {
			isa = PBXNativeTarget;
			buildConfigurationList = CA99467126EF65ED00F4A606 /* Build configuration list for PBXNativeTarget "Shimmer" */;
			buildPhases = (
				CA99465926EF65EC00F4A606 /* Sources */,
				CA99465A26EF65EC00F4A606 /* Frameworks */,
				CA99465B26EF65EC00F4A606 /* Resources */,
			);
			buildRules = (
			);
			dependencies = (
			);
			name = Shimmer;
			productName = Shimmer;
			productReference = CA99465D26EF65EC00F4A606 /* Shimmer.app */;
			productType = "com.apple.product-type.application";
		};
/* End PBXNativeTarget section */

/* Begin PBXProject section */
		CA99465526EF65EC00F4A606 /* Project object */ = {
			isa = PBXProject;
			attributes = {
				LastSwiftUpdateCheck = 1250;
				LastUpgradeCheck = 1250;
				TargetAttributes = {
					CA99465C26EF65EC00F4A606 = {
						CreatedOnToolsVersion = 12.5.1;
					};
				};
			};
			buildConfigurationList = CA99465826EF65EC00F4A606 /* Build configuration list for PBXProject "Shimmer" */;
			compatibilityVersion = "Xcode 9.3";
			developmentRegion = en;
			hasScannedForEncodings = 0;
			knownRegions = (
				en,
				Base,
			);
			mainGroup = CA99465426EF65EC00F4A606;
			productRefGroup = CA99465E26EF65EC00F4A606 /* Products */;
			projectDirPath = "";
			projectRoot = "";
			targets = (
				CA99465C26EF65EC00F4A606 /* Shimmer */,
			);
		};
/* End PBXProject section */

/* Begin PBXResourcesBuildPhase section */
		CA99465B26EF65EC00F4A606 /* Resources */ = {
			isa = PBXResourcesBuildPhase;
			buildActionMask = 2147483647;
			files = (
				CA99466D26EF65ED00F4A606 /* LaunchScreen.storyboard in Resources */,
				CA99466A26EF65ED00F4A606 /* Assets.xcassets in Resources */,
				CA99466826EF65EC00F4A606 /* Main.storyboard in Resources */,
			);
			runOnlyForDeploymentPostprocessing = 0;
		};
/* End PBXResourcesBuildPhase section */

/* Begin PBXSourcesBuildPhase section */
		CA99465926EF65EC00F4A606 /* Sources */ = {
			isa = PBXSourcesBuildPhase;
			buildActionMask = 2147483647;
			files = (
				CA99467526EF660100F4A606 /* UIView+Shimmer.swift in Sources */,
				CA99466526EF65EC00F4A606 /* ViewController.swift in Sources */,
				CA99466126EF65EC00F4A606 /* AppDelegate.swift in Sources */,
				CA99466326EF65EC00F4A606 /* SceneDelegate.swift in Sources */,
			);
			runOnlyForDeploymentPostprocessing = 0;
		};
/* End PBXSourcesBuildPhase section */

/* Begin PBXVariantGroup section */
		CA99466626EF65EC00F4A606 /* Main.storyboard */ = {
			isa = PBXVariantGroup;
			children = (
				CA99466726EF65EC00F4A606 /* Base */,
			);
			name = Main.storyboard;
			sourceTree = "<group>";
		};
		CA99466B26EF65ED00F4A606 /* LaunchScreen.storyboard */ = {
			isa = PBXVariantGroup;
			children = (
				CA99466C26EF65ED00F4A606 /* Base */,
			);
			name = LaunchScreen.storyboard;
			sourceTree = "<group>";
		};
/* End PBXVariantGroup section */

/* Begin XCBuildConfiguration section */
		CA99466F26EF65ED00F4A606 /* Debug */ = {
			isa = XCBuildConfiguration;
			buildSettings = {
				ALWAYS_SEARCH_USER_PATHS = NO;
				CLANG_ANALYZER_NONNULL = YES;
				CLANG_ANALYZER_NUMBER_OBJECT_CONVERSION = YES_AGGRESSIVE;
				CLANG_CXX_LANGUAGE_STANDARD = "gnu++14";
				CLANG_CXX_LIBRARY = "libc++";
				CLANG_ENABLE_MODULES = YES;
				CLANG_ENABLE_OBJC_ARC = YES;
				CLANG_ENABLE_OBJC_WEAK = YES;
				CLANG_WARN_BLOCK_CAPTURE_AUTORELEASING = YES;
				CLANG_WARN_BOOL_CONVERSION = YES;
				CLANG_WARN_COMMA = YES;
				CLANG_WARN_CONSTANT_CONVERSION = YES;
				CLANG_WARN_DEPRECATED_OBJC_IMPLEMENTATIONS = YES;
				CLANG_WARN_DIRECT_OBJC_ISA_USAGE = YES_ERROR;
				CLANG_WARN_DOCUMENTATION_COMMENTS = YES;
				CLANG_WARN_EMPTY_BODY = YES;
				CLANG_WARN_ENUM_CONVERSION = YES;
				CLANG_WARN_INFINITE_RECURSION = YES;
				CLANG_WARN_INT_CONVERSION = YES;
				CLANG_WARN_NON_LITERAL_NULL_CONVERSION = YES;
				CLANG_WARN_OBJC_IMPLICIT_RETAIN_SELF = YES;
				CLANG_WARN_OBJC_LITERAL_CONVERSION = YES;
				CLANG_WARN_OBJC_ROOT_CLASS = YES_ERROR;
				CLANG_WARN_QUOTED_INCLUDE_IN_FRAMEWORK_HEADER = YES;
				CLANG_WARN_RANGE_LOOP_ANALYSIS = YES;
				CLANG_WARN_STRICT_PROTOTYPES = YES;
				CLANG_WARN_SUSPICIOUS_MOVE = YES;
				CLANG_WARN_UNGUARDED_AVAILABILITY = YES_AGGRESSIVE;
				CLANG_WARN_UNREACHABLE_CODE = YES;
				CLANG_WARN__DUPLICATE_METHOD_MATCH = YES;
				COPY_PHASE_STRIP = NO;
				DEBUG_INFORMATION_FORMAT = dwarf;
				ENABLE_STRICT_OBJC_MSGSEND = YES;
				ENABLE_TESTABILITY = YES;
				GCC_C_LANGUAGE_STANDARD = gnu11;
				GCC_DYNAMIC_NO_PIC = NO;
				GCC_NO_COMMON_BLOCKS = YES;
				GCC_OPTIMIZATION_LEVEL = 0;
				GCC_PREPROCESSOR_DEFINITIONS = (
					"DEBUG=1",
					"$(inherited)",
				);
				GCC_WARN_64_TO_32_BIT_CONVERSION = YES;
				GCC_WARN_ABOUT_RETURN_TYPE = YES_ERROR;
				GCC_WARN_UNDECLARED_SELECTOR = YES;
				GCC_WARN_UNINITIALIZED_AUTOS = YES_AGGRESSIVE;
				GCC_WARN_UNUSED_FUNCTION = YES;
				GCC_WARN_UNUSED_VARIABLE = YES;
				IPHONEOS_DEPLOYMENT_TARGET = 14.5;
				MTL_ENABLE_DEBUG_INFO = INCLUDE_SOURCE;
				MTL_FAST_MATH = YES;
				ONLY_ACTIVE_ARCH = YES;
				SDKROOT = iphoneos;
				SWIFT_ACTIVE_COMPILATION_CONDITIONS = DEBUG;
				SWIFT_OPTIMIZATION_LEVEL = "-Onone";
			};
			name = Debug;
		};
		CA99467026EF65ED00F4A606 /* Release */ = {
			isa = XCBuildConfiguration;
			buildSettings = {
				ALWAYS_SEARCH_USER_PATHS = NO;
				CLANG_ANALYZER_NONNULL = YES;
				CLANG_ANALYZER_NUMBER_OBJECT_CONVERSION = YES_AGGRESSIVE;
				CLANG_CXX_LANGUAGE_STANDARD = "gnu++14";
				CLANG_CXX_LIBRARY = "libc++";
				CLANG_ENABLE_MODULES = YES;
				CLANG_ENABLE_OBJC_ARC = YES;
				CLANG_ENABLE_OBJC_WEAK = YES;
				CLANG_WARN_BLOCK_CAPTURE_AUTORELEASING = YES;
				CLANG_WARN_BOOL_CONVERSION = YES;
				CLANG_WARN_COMMA = YES;
				CLANG_WARN_CONSTANT_CONVERSION = YES;
				CLANG_WARN_DEPRECATED_OBJC_IMPLEMENTATIONS = YES;
				CLANG_WARN_DIRECT_OBJC_ISA_USAGE = YES_ERROR;
				CLANG_WARN_DOCUMENTATION_COMMENTS = YES;
				CLANG_WARN_EMPTY_BODY = YES;
				CLANG_WARN_ENUM_CONVERSION = YES;
				CLANG_WARN_INFINITE_RECURSION = YES;
				CLANG_WARN_INT_CONVERSION = YES;
				CLANG_WARN_NON_LITERAL_NULL_CONVERSION = YES;
				CLANG_WARN_OBJC_IMPLICIT_RETAIN_SELF = YES;
				CLANG_WARN_OBJC_LITERAL_CONVERSION = YES;
				CLANG_WARN_OBJC_ROOT_CLASS = YES_ERROR;
				CLANG_WARN_QUOTED_INCLUDE_IN_FRAMEWORK_HEADER = YES;
				CLANG_WARN_RANGE_LOOP_ANALYSIS = YES;
				CLANG_WARN_STRICT_PROTOTYPES = YES;
				CLANG_WARN_SUSPICIOUS_MOVE = YES;
				CLANG_WARN_UNGUARDED_AVAILABILITY = YES_AGGRESSIVE;
				CLANG_WARN_UNREACHABLE_CODE = YES;
				CLANG_WARN__DUPLICATE_METHOD_MATCH = YES;
				COPY_PHASE_STRIP = NO;
				DEBUG_INFORMATION_FORMAT = "dwarf-with-dsym";
				ENABLE_NS_ASSERTIONS = NO;
				ENABLE_STRICT_OBJC_MSGSEND = YES;
				GCC_C_LANGUAGE_STANDARD = gnu11;
				GCC_NO_COMMON_BLOCKS = YES;
				GCC_WARN_64_TO_32_BIT_CONVERSION = YES;
				GCC_WARN_ABOUT_RETURN_TYPE = YES_ERROR;
				GCC_WARN_UNDECLARED_SELECTOR = YES;
				GCC_WARN_UNINITIALIZED_AUTOS = YES_AGGRESSIVE;
				GCC_WARN_UNUSED_FUNCTION = YES;
				GCC_WARN_UNUSED_VARIABLE = YES;
				IPHONEOS_DEPLOYMENT_TARGET = 14.5;
				MTL_ENABLE_DEBUG_INFO = NO;
				MTL_FAST_MATH = YES;
				SDKROOT = iphoneos;
				SWIFT_COMPILATION_MODE = wholemodule;
				SWIFT_OPTIMIZATION_LEVEL = "-O";
				VALIDATE_PRODUCT = YES;
			};
			name = Release;
		};
		CA99467226EF65ED00F4A606 /* Debug */ = {
			isa = XCBuildConfiguration;
			buildSettings = {
				ASSETCATALOG_COMPILER_APPICON_NAME = AppIcon;
				ASSETCATALOG_COMPILER_GLOBAL_ACCENT_COLOR_NAME = AccentColor;
				CODE_SIGN_STYLE = Automatic;
				INFOPLIST_FILE = Shimmer/Info.plist;
				LD_RUNPATH_SEARCH_PATHS = (
					"$(inherited)",
					"@executable_path/Frameworks",
				);
				PRODUCT_BUNDLE_IDENTIFIER = "t-osawa.Shimmer";
				PRODUCT_NAME = "$(TARGET_NAME)";
				SWIFT_VERSION = 5.0;
				TARGETED_DEVICE_FAMILY = "1,2";
			};
			name = Debug;
		};
		CA99467326EF65ED00F4A606 /* Release */ = {
			isa = XCBuildConfiguration;
			buildSettings = {
				ASSETCATALOG_COMPILER_APPICON_NAME = AppIcon;
				ASSETCATALOG_COMPILER_GLOBAL_ACCENT_COLOR_NAME = AccentColor;
				CODE_SIGN_STYLE = Automatic;
				INFOPLIST_FILE = Shimmer/Info.plist;
				LD_RUNPATH_SEARCH_PATHS = (
					"$(inherited)",
					"@executable_path/Frameworks",
				);
				PRODUCT_BUNDLE_IDENTIFIER = "t-osawa.Shimmer";
				PRODUCT_NAME = "$(TARGET_NAME)";
				SWIFT_VERSION = 5.0;
				TARGETED_DEVICE_FAMILY = "1,2";
			};
			name = Release;
		};
/* End XCBuildConfiguration section */

/* Begin XCConfigurationList section */
		CA99465826EF65EC00F4A606 /* Build configuration list for PBXProject "Shimmer" */ = {
			isa = XCConfigurationList;
			buildConfigurations = (
				CA99466F26EF65ED00F4A606 /* Debug */,
				CA99467026EF65ED00F4A606 /* Release */,
			);
			defaultConfigurationIsVisible = 0;
			defaultConfigurationName = Release;
		};
		CA99467126EF65ED00F4A606 /* Build configuration list for PBXNativeTarget "Shimmer" */ = {
			isa = XCConfigurationList;
			buildConfigurations = (
				CA99467226EF65ED00F4A606 /* Debug */,
				CA99467326EF65ED00F4A606 /* Release */,
			);
			defaultConfigurationIsVisible = 0;
			defaultConfigurationName = Release;
		};
/* End XCConfigurationList section */
	};
	rootObject = CA99465526EF65EC00F4A606 /* Project object */;
}
